<?xml version="1.0" encoding="utf-8"?>
<Project ToolsVersion="4.0" xmlns="http://schemas.microsoft.com/developer/msbuild/2003">
  <ItemGroup>
    <Filter Include="소스 파일">
      <UniqueIdentifier>{4FC737F1-C7A5-4376-A066-2A32D752A2FF}</UniqueIdentifier>
      <Extensions>cpp;c;cc;cxx;c++;cppm;ixx;def;odl;idl;hpj;bat;asm;asmx</Extensions>
    </Filter>
    <Filter Include="헤더 파일">
      <UniqueIdentifier>{93995380-89BD-4b04-88EB-625FBE52EBFB}</UniqueIdentifier>
      <Extensions>h;hh;hpp;hxx;h++;hm;inl;inc;ipp;xsd</Extensions>
    </Filter>
    <Filter Include="리소스 파일">
      <UniqueIdentifier>{67DA6AB6-F800-4c08-8B7A-83BB121AAD01}</UniqueIdentifier>
      <Extensions>rc;ico;cur;bmp;dlg;rc2;rct;bin;rgs;gif;jpg;jpeg;jpe;resx;tiff;tif;png;wav;mfcribbon-ms</Extensions>
    </Filter>
    <Filter Include="소스 파일\Engine">
      <UniqueIdentifier>{2743a4a4-c740-4f27-9c2e-1ce7d1790c37}</UniqueIdentifier>
    </Filter>
    <Filter Include="헤더 파일\Utils">
      <UniqueIdentifier>{67f3d61d-0099-4e81-804b-96a5975cf393}</UniqueIdentifier>
    </Filter>
    <Filter Include="소스 파일\Engine\Graphic">
      <UniqueIdentifier>{3ca9b127-b72a-476b-bc29-05c6ce6ddb79}</UniqueIdentifier>
    </Filter>
    <Filter Include="소스 파일\Engine\Pipeline">
      <UniqueIdentifier>{eae637a7-e201-4e7e-a79d-f54297ea6d9b}</UniqueIdentifier>
    </Filter>
    <Filter Include="소스 파일\Engine\Pipeline\0_Buffer">
      <UniqueIdentifier>{62e80e43-61ef-4317-be88-0c220af0eed1}</UniqueIdentifier>
    </Filter>
    <Filter Include="소스 파일\Engine\Pipeline\1_InputAssembler">
      <UniqueIdentifier>{9d00fdbf-d40b-4f25-a14a-9010a34f2604}</UniqueIdentifier>
    </Filter>
    <Filter Include="소스 파일\Engine\Pipeline\2_Rasterizer">
      <UniqueIdentifier>{033468cd-03e4-4ad6-bdfc-98252e54fc83}</UniqueIdentifier>
    </Filter>
    <Filter Include="소스 파일\Engine\Pipeline\3_Shader">
      <UniqueIdentifier>{5ddd61f4-fed3-4dca-a8fe-f9af196cbfc2}</UniqueIdentifier>
    </Filter>
    <Filter Include="소스 파일\Engine\Pipeline\3_Shader\PixelShader">
      <UniqueIdentifier>{c1238b72-d231-426e-87d3-b966695738f3}</UniqueIdentifier>
    </Filter>
    <Filter Include="소스 파일\Engine\Pipeline\3_Shader\VertexShader">
      <UniqueIdentifier>{0041a404-f72a-49d3-8ed8-99ac98c7df1a}</UniqueIdentifier>
    </Filter>
    <Filter Include="소스 파일\Engine\Pipeline\4_OutputMerger">
      <UniqueIdentifier>{c90576e2-732b-4f4d-b94f-bf8587cbfbae}</UniqueIdentifier>
    </Filter>
    <Filter Include="소스 파일\Engine\Pipeline\4_OutputMerger\BlendState">
      <UniqueIdentifier>{c7059efa-b3ae-468c-b421-da2da03c359d}</UniqueIdentifier>
    </Filter>
    <Filter Include="소스 파일\Engine\Pipeline\5_Texture">
      <UniqueIdentifier>{2eef5446-b711-49f2-9b13-9107f84accde}</UniqueIdentifier>
    </Filter>
    <Filter Include="소스 파일\Engine\Pipeline\5_Texture\Texture">
      <UniqueIdentifier>{c475c293-4ae3-4db2-8c19-79f61338b01c}</UniqueIdentifier>
    </Filter>
    <Filter Include="소스 파일\Engine\Pipeline\5_Texture\Sampler">
      <UniqueIdentifier>{d5d1504c-6c36-4dd5-8c69-6c4ba4b14648}</UniqueIdentifier>
    </Filter>
    <Filter Include="소스 파일\World">
      <UniqueIdentifier>{6c067bf6-d10b-4f88-818f-d5e6b1e21389}</UniqueIdentifier>
    </Filter>
    <Filter Include="소스 파일\World\Chunk">
      <UniqueIdentifier>{42a1b12b-847c-4e60-81e8-ba52cae5e09c}</UniqueIdentifier>
    </Filter>
    <Filter Include="소스 파일\World\Block">
      <UniqueIdentifier>{1c1212bc-c614-49e6-b2fa-0bc3653620c7}</UniqueIdentifier>
    </Filter>
    <Filter Include="소스 파일\World\Block\InactiveBlock">
      <UniqueIdentifier>{14b6fc32-3b7c-471a-af60-1c93bc2fdc37}</UniqueIdentifier>
    </Filter>
    <Filter Include="소스 파일\World\Block\ActiveBlock">
      <UniqueIdentifier>{4abbb7dd-979b-402d-9756-c3cbc4d229e6}</UniqueIdentifier>
    </Filter>
    <Filter Include="소스 파일\World\WorldShaderFIle">
      <UniqueIdentifier>{e9ceb38c-5083-4ca9-ac73-2de4bff11fe8}</UniqueIdentifier>
    </Filter>
    <Filter Include="소스 파일\World\WorldShaderFIle\TestShader">
      <UniqueIdentifier>{9e24a969-5ed7-4adb-88c6-cad6af249f2b}</UniqueIdentifier>
    </Filter>
    <Filter Include="소스 파일\World\Noise">
      <UniqueIdentifier>{6f0ac322-30ef-458f-a540-cff2819a55ba}</UniqueIdentifier>
    </Filter>
  </ItemGroup>
  <ItemGroup>
    <ClInclude Include="framework.h">
      <Filter>헤더 파일</Filter>
    </ClInclude>
    <ClInclude Include="targetver.h">
      <Filter>헤더 파일</Filter>
    </ClInclude>
    <ClInclude Include="Resource.h">
      <Filter>헤더 파일</Filter>
    </ClInclude>
    <ClInclude Include="scop.h">
      <Filter>헤더 파일</Filter>
    </ClInclude>
    <ClInclude Include="pch.h">
      <Filter>헤더 파일</Filter>
    </ClInclude>
    <ClInclude Include="Game.h">
      <Filter>헤더 파일</Filter>
    </ClInclude>
    <ClInclude Include="World.h">
      <Filter>헤더 파일</Filter>
    </ClInclude>
    <ClInclude Include="SimpleMath.h">
      <Filter>헤더 파일\Utils</Filter>
    </ClInclude>
    <ClInclude Include="ConstantBuffer.h">
      <Filter>소스 파일\Engine\Pipeline\0_Buffer</Filter>
    </ClInclude>
    <ClInclude Include="InputLayout.h">
      <Filter>소스 파일\Engine\Pipeline\1_InputAssembler</Filter>
    </ClInclude>
    <ClInclude Include="VertexShader.h">
      <Filter>소스 파일\Engine\Pipeline\3_Shader\VertexShader</Filter>
    </ClInclude>
    <ClInclude Include="PixelShader.h">
      <Filter>소스 파일\Engine\Pipeline\3_Shader\PixelShader</Filter>
    </ClInclude>
    <ClInclude Include="Test.h">
      <Filter>소스 파일</Filter>
    </ClInclude>
    <ClInclude Include="Texture.h">
      <Filter>소스 파일\Engine\Pipeline\5_Texture\Texture</Filter>
    </ClInclude>
    <ClInclude Include="SamplerState.h">
      <Filter>소스 파일\Engine\Pipeline\5_Texture\Sampler</Filter>
    </ClInclude>
    <ClInclude Include="BlendState.h">
      <Filter>소스 파일\Engine\Pipeline\4_OutputMerger\BlendState</Filter>
    </ClInclude>
    <ClInclude Include="Graphics.h">
      <Filter>소스 파일\Engine\Graphic</Filter>
    </ClInclude>
    <ClInclude Include="RasterizerState.h">
      <Filter>소스 파일\Engine\Pipeline\2_Rasterizer</Filter>
    </ClInclude>
    <ClInclude Include="Buffer.h">
      <Filter>소스 파일\Engine\Pipeline\0_Buffer</Filter>
    </ClInclude>
    <ClInclude Include="Chunk.h">
      <Filter>소스 파일\World\Chunk</Filter>
    </ClInclude>
    <ClInclude Include="Block.h">
      <Filter>소스 파일\World\Block</Filter>
    </ClInclude>
    <ClInclude Include="Terrain.h">
      <Filter>소스 파일\World</Filter>
    </ClInclude>
    <ClInclude Include="TextureArray.h">
      <Filter>소스 파일\Engine\Pipeline\5_Texture\Texture</Filter>
    </ClInclude>
    <ClInclude Include="WICTextureLoader.h">
      <Filter>헤더 파일\Utils</Filter>
    </ClInclude>
    <ClInclude Include="PerlinNoise.h">
      <Filter>소스 파일\World\Noise</Filter>
    </ClInclude>
  </ItemGroup>
  <ItemGroup>
    <ClCompile Include="main.cpp">
      <Filter>소스 파일</Filter>
    </ClCompile>
    <ClCompile Include="pch.cpp">
      <Filter>소스 파일</Filter>
    </ClCompile>
    <ClCompile Include="World.cpp">
      <Filter>소스 파일</Filter>
    </ClCompile>
    <ClCompile Include="Game.cpp">
      <Filter>소스 파일</Filter>
    </ClCompile>
    <ClCompile Include="SimpleMath.cpp">
      <Filter>헤더 파일\Utils</Filter>
    </ClCompile>
    <ClCompile Include="ConstantBuffer.cpp">
      <Filter>소스 파일\Engine\Pipeline\0_Buffer</Filter>
    </ClCompile>
    <ClCompile Include="InputLayout.cpp">
      <Filter>소스 파일\Engine\Pipeline\1_InputAssembler</Filter>
    </ClCompile>
    <ClCompile Include="VertexShader.cpp">
      <Filter>소스 파일\Engine\Pipeline\3_Shader\VertexShader</Filter>
    </ClCompile>
    <ClCompile Include="PixelShader.cpp">
      <Filter>소스 파일\Engine\Pipeline\3_Shader\PixelShader</Filter>
    </ClCompile>
    <ClCompile Include="Test.cpp">
      <Filter>소스 파일</Filter>
    </ClCompile>
    <ClCompile Include="Texture.cpp">
      <Filter>소스 파일\Engine\Pipeline\5_Texture\Texture</Filter>
    </ClCompile>
    <ClCompile Include="SamplerState.cpp">
      <Filter>소스 파일\Engine\Pipeline\5_Texture\Sampler</Filter>
    </ClCompile>
    <ClCompile Include="BlendState.cpp">
      <Filter>소스 파일\Engine\Pipeline\4_OutputMerger\BlendState</Filter>
    </ClCompile>
    <ClCompile Include="Graphics.cpp">
      <Filter>소스 파일\Engine\Graphic</Filter>
    </ClCompile>
    <ClCompile Include="RasterizerState.cpp">
      <Filter>소스 파일\Engine\Pipeline\2_Rasterizer</Filter>
    </ClCompile>
    <ClCompile Include="Buffer.cpp">
      <Filter>소스 파일\Engine\Pipeline\0_Buffer</Filter>
    </ClCompile>
    <ClCompile Include="Chunk.cpp">
      <Filter>소스 파일\World\Chunk</Filter>
    </ClCompile>
    <ClCompile Include="Block.cpp">
      <Filter>소스 파일\World\Block</Filter>
    </ClCompile>
    <ClCompile Include="Terrain.cpp">
      <Filter>소스 파일\World</Filter>
    </ClCompile>
    <ClCompile Include="TextureArray.cpp">
      <Filter>소스 파일\Engine\Pipeline\5_Texture\Texture</Filter>
    </ClCompile>
    <ClCompile Include="WICTextureLoader.cpp">
      <Filter>헤더 파일\Utils</Filter>
    </ClCompile>
    <ClCompile Include="PerlinNoise.cpp">
      <Filter>소스 파일\World\Noise</Filter>
    </ClCompile>
  </ItemGroup>
  <ItemGroup>
    <ResourceCompile Include="scop.rc">
      <Filter>리소스 파일</Filter>
    </ResourceCompile>
  </ItemGroup>
  <ItemGroup>
    <Image Include="small.ico">
      <Filter>리소스 파일</Filter>
    </Image>
    <Image Include="scop.ico">
      <Filter>리소스 파일</Filter>
    </Image>
    <Image Include="Skeleton.png">
      <Filter>리소스 파일</Filter>
    </Image>
    <Image Include="grass_bottom.png">
      <Filter>리소스 파일</Filter>
    </Image>
    <Image Include="grass_side.png">
      <Filter>리소스 파일</Filter>
    </Image>
    <Image Include="grass_top.png">
      <Filter>리소스 파일</Filter>
    </Image>
  </ItemGroup>
  <ItemGroup>
    <FxCompile Include="PixelShader.hlsl" />
    <FxCompile Include="VertexShader.hlsl" />
    <FxCompile Include="VertexShaderUV.hlsl" />
    <FxCompile Include="PixelShaderUV.hlsl" />
    <FxCompile Include="TestVertexShader.hlsl">
      <Filter>소스 파일\World\WorldShaderFIle\TestShader</Filter>
    </FxCompile>
    <FxCompile Include="TestPixelShader.hlsl">
      <Filter>소스 파일\World\WorldShaderFIle\TestShader</Filter>
    </FxCompile>
    <FxCompile Include="WorldVertexShader.hlsl">
      <Filter>소스 파일\World\WorldShaderFIle</Filter>
    </FxCompile>
    <FxCompile Include="WorldPixelShader.hlsl">
      <Filter>소스 파일\World\WorldShaderFIle</Filter>
    </FxCompile>
  </ItemGroup>
  <ItemGroup>
    <None Include="SimpleMath.inl">
      <Filter>헤더 파일\Utils</Filter>
    </None>
  </ItemGroup>
</Project>